{
  "nodes": {
    "disko": {
      "inputs": {
        "nixpkgs": [
          "nixos-anywhere",
          "nixpkgs"
        ]
      },
      "locked": {
        "lastModified": 1781152676,
        "narHash": "sha256-RxWs5ND31KzTG7wvMM+PMfUjyNpmIEr999lqNARaM5o=",
        "owner": "nix-community",
        "repo": "disko",
        "rev": "ff8702b4de27f72b4c78573dfb89ec74e36abdf1",
        "type": "github"
      },
      "original": {
        "owner": "nix-community",
        "ref": "master",
        "repo": "disko",
        "type": "github"
      }
    },
    "flake-parts": {
      "inputs": {
        "nixpkgs-lib": "nixpkgs-lib"
      },
      "locked": {
        "lastModified": 1788450739,
        "narHash": "sha256-glZLQlzIn1fXH6PazR2iUmTo7kzzyYSshrWhLS9TqCU=",
        "owner": "hercules-ci",
        "repo": "flake-parts",
        "rev": "31729ca8cbdb4fa927b34e5f4353e6a83f39e993",
        "type": "github"
      },
      "original": {
        "owner": "hercules-ci",
        "repo": "flake-parts",
        "type": "github"
      }
    },
    "nix-flake-tests": {
      "locked": {
        "lastModified": 1775571237,
        "narHash": "sha256-1f5Uvgcy3gx/eyRp4rqfDRBjcZc9uiHoIlfcFIL7GvI=",
        "owner": "antifuchs",
        "repo": "nix-flake-tests",
        "rev": "86b789cff8aecbd7c1bed7cd421dd837c3f62201",
        "type": "github"
      },
      "original": {
        "owner": "antifuchs",
        "repo": "nix-flake-tests",
        "type": "github"
      }
    },
    "nix-vm-test": {
      "inputs": {
        "nixpkgs": [
          "nixos-anywhere",
          "nixpkgs"
        ]
      },
      "locked": {
        "lastModified": 1786747096,
        "narHash": "sha256-9QqhmaLVsPhKdMSBaWKjDqeGRn8G4ov4cVuZ6JFwXbo=",
        "owner": "numtide",
        "repo": "nix-vm-test",
        "rev": "c8781a0ea2d8417506fff7722eae5a6316461212",
        "type": "github"
      },
      "original": {
        "owner": "numtide",
        "repo": "nix-vm-test",
        "type": "github"
      }
    },
    "nixos-anywhere": {
      "inputs": {
        "disko": "disko",
        "nix-vm-test": "nix-vm-test",
        "nixos-images": "nixos-images",
        "nixos-stable": "nixos-stable",
        "nixpkgs": [
          "nixpkgs"
        ],
        "treefmt-nix": "treefmt-nix"
      },
      "locked": {
        "lastModified": 1787728766,
        "narHash": "sha256-g2oZlrBU3AI2ubCiY/UyE9ALTIDueTcF//QP3vaY9IQ=",
        "owner": "nix-community",
        "repo": "nixos-anywhere",
        "rev": "6b77f26ec4538ced04bf1d02f374b0ec02e9c27e",
        "type": "github"
      },
      "original": {
        "owner": "nix-community",
        "repo": "nixos-anywhere",
        "type": "github"
      }
    },
    "nixos-images": {
      "inputs": {
        "nixos-stable": [
          "nixos-anywhere",
          "nixos-stable"
        ],
        "nixos-unstable": [
          "nixos-anywhere",
          "nixpkgs"
        ]
      },
      "locked": {
        "lastModified": 1787222173,
        "narHash": "sha256-acp6QJnWVnLvnanC59CMkiDC/i0ZhdFKiB7prru9SHw=",
        "owner": "nix-community",
        "repo": "nixos-images",
        "rev": "e17386d9193d6d5a90f1b4b6a8a5cd2620d34b56",
        "type": "github"
      },
      "original": {
        "owner": "nix-community",
        "repo": "nixos-images",
        "type": "github"
      }
    },
    "nixos-stable": {
      "locked": {
        "lastModified": 1787204541,
        "narHash": "sha256-OURZPknrTjQrlNyxPdqzyqmU/81Wes1CUP/Ft1Rv/YI=",
        "owner": "NixOS",
        "repo": "nixpkgs",
        "rev": "5880666fd9eb563038431edb35c2d0aa595884e6",
        "type": "github"
      },
      "original": {
        "owner": "NixOS",
        "ref": "nixos-26.05",
        "repo": "nixpkgs",
        "type": "github"
      }
    },
    "nixpkgs": {
      "locked": {
        "lastModified": 1788531059,
        "narHash": "sha256-hLD4l3QOGBQhkVp3mQ2lJ/YbEi99qUgKapb40KovZ88=",
        "owner": "nixos",
        "repo": "nixpkgs",
        "rev": "801bef6abd86b91e51083066b83fb354a11fc640",
        "type": "github"
      },
      "original": {
        "owner": "nixos",
        "ref": "nixos-unstable",
        "repo": "nixpkgs",
        "type": "github"
      }
    },
    "nixpkgs-lib": {
      "locked": {
        "lastModified": 1788057806,
        "narHash": "sha256-DTQSMxzDWmT0zhguthvegnVkn7CFqGCv4IHCzk5ZUpM=",
        "owner": "nix-community",
        "repo": "nixpkgs.lib",
        "rev": "596e2e3940e09b2abbeb03f75fa1828c57fcd72c",
        "type": "github"
      },
      "original": {
        "owner": "nix-community",
        "repo": "nixpkgs.lib",
        "type": "github"
      }
    },
    "nmdsrc": {
      "flake": false,
      "locked": {
        "lastModified": 1757277932,
        "narHash": "sha256-eW2AzE4HeJXHKxSGDcp35/VQyxeESBt4p9i8QIFrSE8=",
        "ref": "refs/heads/master",
        "rev": "055e814ac35379dece164a8413d336b57c5d2e0c",
        "revCount": 67,
        "type": "git",
        "url": "https://git.sr.ht/~rycee/nmd"
      },
      "original": {
        "type": "git",
        "url": "https://git.sr.ht/~rycee/nmd"
      }
    },
    "root": {
      "inputs": {
        "flake-parts": "flake-parts",
        "nix-flake-tests": "nix-flake-tests",
        "nixos-anywhere": "nixos-anywhere",
        "nixpkgs": "nixpkgs",
        "nmdsrc": "nmdsrc"
      }
    },
    "treefmt-nix": {
      "inputs": {
        "nixpkgs": [
          "nixos-anywhere",
          "nixpkgs"
        ]
      },
      "locked": {
        "lastModified": 1786901030,
        "narHash": "sha256-WSFCsDSE5ffgD2MqzkM2CYjeFiKhRF/dJUN8uedb6YE=",
        "owner": "numtide",
        "repo": "treefmt-nix",
        "rev": "27b3b12a8e6375f28ebe122f07d230ca5459bbfa",
        "type": "github"
      },
      "original": {
        "owner": "numtide",
        "repo": "treefmt-nix",
        "type": "github"
      }
    }
  },
  "root": "root",
  "version": 7
}
